
Microsoft Visual Studio Solution File, Format Version 12.00
# Visual Studio Version 16
VisualStudioVersion = 16.0.30104.148
MinimumVisualStudioVersion = 10.0.40219.1
Project("{9A19103F-16F7-4668-BE54-9A1E7A4F7556}") = "ArticleApp.Models", "ArticleApp.Models\ArticleApp.Models.csproj", "{80303933-FD6E-44F0-BBA7-56A231550A70}"
EndProject
Project("{00D1A9C2-B5F0-4AF3-8072-F6C62B433612}") = "ArticleApp.SqlServer", "ArticleApp.SqlServer\ArticleApp.SqlServer.sqlproj", "{212AA6EE-E16C-4808-9FA8-EBF49981B553}"
EndProject
Project("{FAE04EC0-301F-11D3-BF4B-00C04F79EFBC}") = "ArticleApp.Models.Tests", "ArticleApp.Models.Tests\ArticleApp.Models.Tests.csproj", "{C967A325-C31C-47EA-83DB-AC7EE174B64E}"
EndProject
Global
	GlobalSection(SolutionConfigurationPlatforms) = preSolution
		Debug|Any CPU = Debug|Any CPU
		Release|Any CPU = Release|Any CPU
	EndGlobalSection
	GlobalSection(ProjectConfigurationPlatforms) = postSolution
		{80303933-FD6E-44F0-BBA7-56A231550A70}.Debug|Any CPU.ActiveCfg = Debug|Any CPU
		{80303933-FD6E-44F0-BBA7-56A231550A70}.Debug|Any CPU.Build.0 = Debug|Any CPU
		{80303933-FD6E-44F0-BBA7-56A231550A70}.Release|Any CPU.ActiveCfg = Release|Any CPU
		{80303933-FD6E-44F0-BBA7-56A231550A70}.Release|Any CPU.Build.0 = Release|Any CPU
		{212AA6EE-E16C-4808-9FA8-EBF49981B553}.Debug|Any CPU.ActiveCfg = Debug|Any CPU
		{212AA6EE-E16C-4808-9FA8-EBF49981B553}.Debug|Any CPU.Build.0 = Debug|Any CPU
		{212AA6EE-E16C-4808-9FA8-EBF49981B553}.Debug|Any CPU.Deploy.0 = Debug|Any CPU
		{212AA6EE-E16C-4808-9FA8-EBF49981B553}.Release|Any CPU.ActiveCfg = Release|Any CPU
		{212AA6EE-E16C-4808-9FA8-EBF49981B553}.Release|Any CPU.Build.0 = Release|Any CPU
		{212AA6EE-E16C-4808-9FA8-EBF49981B553}.Release|Any CPU.Deploy.0 = Release|Any CPU
		{C967A325-C31C-47EA-83DB-AC7EE174B64E}.Debug|Any CPU.ActiveCfg = Debug|Any CPU
		{C967A325-C31C-47EA-83DB-AC7EE174B64E}.Debug|Any CPU.Build.0 = Debug|Any CPU
		{C967A325-C31C-47EA-83DB-AC7EE174B64E}.Release|Any CPU.ActiveCfg = Release|Any CPU
		{C967A325-C31C-47EA-83DB-AC7EE174B64E}.Release|Any CPU.Build.0 = Release|Any CPU
	EndGlobalSection
	GlobalSection(SolutionProperties) = preSolution
		HideSolutionNode = FALSE
	EndGlobalSection
	GlobalSection(ExtensibilityGlobals) = postSolution
		SolutionGuid = {4EA31118-07D7-4905-B06D-7726831507C3}
	EndGlobalSection
EndGlobal
